
Microsoft Visual Studio Solution File, Format Version 12.00
# Visual Studio Version 16
VisualStudioVersion = 16.0.30717.126
MinimumVisualStudioVersion = 10.0.40219.1
Project("{FAE04EC0-301F-11D3-BF4B-00C04F79EFBC}") = "Fourth Task", "Fourth Task\Fourth Task.csproj", "{ED5D0A43-C5E9-4009-99FB-4CE129383C05}"
EndProject
Project("{9A19103F-16F7-4668-BE54-9A1E7A4F7556}") = "Second Task", "..\Second Task\Second Task\Second Task.csproj", "{C9018B61-0212-4F37-A719-6F0FC183EA52}"
EndProject
Global
	GlobalSection(SolutionConfigurationPlatforms) = preSolution
		Debug|Any CPU = Debug|Any CPU
		Release|Any CPU = Release|Any CPU
	EndGlobalSection
	GlobalSection(ProjectConfigurationPlatforms) = postSolution
		{ED5D0A43-C5E9-4009-99FB-4CE129383C05}.Debug|Any CPU.ActiveCfg = Debug|Any CPU
		{ED5D0A43-C5E9-4009-99FB-4CE129383C05}.Debug|Any CPU.Build.0 = Debug|Any CPU
		{ED5D0A43-C5E9-4009-99FB-4CE129383C05}.Release|Any CPU.ActiveCfg = Release|Any CPU
		{ED5D0A43-C5E9-4009-99FB-4CE129383C05}.Release|Any CPU.Build.0 = Release|Any CPU
		{C9018B61-0212-4F37-A719-6F0FC183EA52}.Debug|Any CPU.ActiveCfg = Debug|Any CPU
		{C9018B61-0212-4F37-A719-6F0FC183EA52}.Debug|Any CPU.Build.0 = Debug|Any CPU
		{C9018B61-0212-4F37-A719-6F0FC183EA52}.Release|Any CPU.ActiveCfg = Release|Any CPU
		{C9018B61-0212-4F37-A719-6F0FC183EA52}.Release|Any CPU.Build.0 = Release|Any CPU
	EndGlobalSection
	GlobalSection(SolutionProperties) = preSolution
		HideSolutionNode = FALSE
	EndGlobalSection
	GlobalSection(ExtensibilityGlobals) = postSolution
		SolutionGuid = {96C7420C-603E-43C6-8725-4059A35841D2}
	EndGlobalSection
EndGlobal
